
Microsoft Visual Studio Solution File, Format Version 12.00
# Visual Studio Version 17
VisualStudioVersion = 17.3.32929.385
MinimumVisualStudioVersion = 10.0.40219.1
Project("{FAE04EC0-301F-11D3-BF4B-00C04F79EFBC}") = "GestionEquipe", "GestionEquipe\GestionEquipe.csproj", "{FCFE9E8F-B2A9-4DE0-A60A-C8AA6FBD250E}"
EndProject
Global
	GlobalSection(SolutionConfigurationPlatforms) = preSolution
		Debug|Any CPU = Debug|Any CPU
		Release|Any CPU = Release|Any CPU
	EndGlobalSection
	GlobalSection(ProjectConfigurationPlatforms) = postSolution
		{FCFE9E8F-B2A9-4DE0-A60A-C8AA6FBD250E}.Debug|Any CPU.ActiveCfg = Debug|Any CPU
		{FCFE9E8F-B2A9-4DE0-A60A-C8AA6FBD250E}.Debug|Any CPU.Build.0 = Debug|Any CPU
		{FCFE9E8F-B2A9-4DE0-A60A-C8AA6FBD250E}.Release|Any CPU.ActiveCfg = Release|Any CPU
		{FCFE9E8F-B2A9-4DE0-A60A-C8AA6FBD250E}.Release|Any CPU.Build.0 = Release|Any CPU
	EndGlobalSection
	GlobalSection(SolutionProperties) = preSolution
		HideSolutionNode = FALSE
	EndGlobalSection
	GlobalSection(ExtensibilityGlobals) = postSolution
		SolutionGuid = {1A0F3A90-A375-49F9-A5AE-26104C60F5C3}
	EndGlobalSection
EndGlobal
